// !$*UTF8*$!
{
	archiveVersion = 1;
	classes = {
	};
	objectVersion = 77;
	objects = {

/* Begin PBXBuildFile section */
		7A5A00012F600001000001AA /* VixiiLiveActivitiesExtension.appex in Embed App Extensions */ = {isa = PBXBuildFile; fileRef = 7A5A00022F600001000001AA /* VixiiLiveActivitiesExtension.appex */; settings = {ATTRIBUTES = (RemoveHeadersOnCopy, ); }; };
/* End PBXBuildFile section */

/* Begin PBXContainerItemProxy section */
		18CA001F2F583471004704D4 /* PBXContainerItemProxy */ = {
			isa = PBXContainerItemProxy;
			containerPortal = 18CA00092F58346F004704D4 /* Project object */;
			proxyType = 1;
			remoteGlobalIDString = 18CA00102F58346F004704D4;
			remoteInfo = Vixii;
		};
		18CA00292F583471004704D4 /* PBXContainerItemProxy */ = {
			isa = PBXContainerItemProxy;
			containerPortal = 18CA00092F58346F004704D4 /* Project object */;
			proxyType = 1;
			remoteGlobalIDString = 18CA00102F58346F004704D4;
			remoteInfo = Vixii;
		};
		7A5A00072F600001000001AA /* PBXContainerItemProxy */ = {
			isa = PBXContainerItemProxy;
			containerPortal = 18CA00092F58346F004704D4 /* Project object */;
			proxyType = 1;
			remoteGlobalIDString = 7A5A00062F600001000001AA;
			remoteInfo = VixiiLiveActivitiesExtension;
		};
/* End PBXContainerItemProxy section */

/* Begin PBXCopyFilesBuildPhase section */
		7A5A000C2F600001000001AA /* Embed App Extensions */ = {
			isa = PBXCopyFilesBuildPhase;
			buildActionMask = 2147483647;
			dstPath = "";
			dstSubfolderSpec = 13;
			files = (
				7A5A00012F600001000001AA /* VixiiLiveActivitiesExtension.appex in Embed App Extensions */,
			);
			name = "Embed App Extensions";
			runOnlyForDeploymentPostprocessing = 0;
		};
/* End PBXCopyFilesBuildPhase section */

/* Begin PBXFileReference section */
		18CA00112F58346F004704D4 /* Vixii.app */ = {isa = PBXFileReference; explicitFileType = wrapper.application; includeInIndex = 0; path = Vixii.app; sourceTree = BUILT_PRODUCTS_DIR; };
		18CA001E2F583471004704D4 /* VixiiTests.xctest */ = {isa = PBXFileReference; explicitFileType = wrapper.cfbundle; includeInIndex = 0; path = VixiiTests.xctest; sourceTree = BUILT_PRODUCTS_DIR; };
		18CA00282F583471004704D4 /* VixiiUITests.xctest */ = {isa = PBXFileReference; explicitFileType = wrapper.cfbundle; includeInIndex = 0; path = VixiiUITests.xctest; sourceTree = BUILT_PRODUCTS_DIR; };
		7A5A00022F600001000001AA /* VixiiLiveActivitiesExtension.appex */ = {isa = PBXFileReference; explicitFileType = "wrapper.app-extension"; includeInIndex = 0; path = VixiiLiveActivitiesExtension.appex; sourceTree = BUILT_PRODUCTS_DIR; };
/* End PBXFileReference section */

/* Begin PBXFileSystemSynchronizedBuildFileExceptionSet section */
		7A5A00032F600001000001AA /* Exceptions for "VixiiLiveActivitiesExtension" folder in "VixiiLiveActivitiesExtension" target */ = {
			isa = PBXFileSystemSynchronizedBuildFileExceptionSet;
			membershipExceptions = (
				Info.plist,
			);
			target = 7A5A00062F600001000001AA /* VixiiLiveActivitiesExtension */;
		};
/* End PBXFileSystemSynchronizedBuildFileExceptionSet section */

/* Begin PBXFileSystemSynchronizedRootGroup section */
		18CA00132F58346F004704D4 /* Vixii */ = {
			isa = PBXFileSystemSynchronizedRootGroup;
			path = Vixii;
			sourceTree = "<group>";
		};
		18CA00212F583471004704D4 /* VixiiTests */ = {
			isa = PBXFileSystemSynchronizedRootGroup;
			path = VixiiTests;
			sourceTree = "<group>";
		};
		18CA002B2F583471004704D4 /* VixiiUITests */ = {
			isa = PBXFileSystemSynchronizedRootGroup;
			path = VixiiUITests;
			sourceTree = "<group>";
		};
		7A5A00042F600001000001AA /* VixiiLiveActivitiesExtension */ = {
			isa = PBXFileSystemSynchronizedRootGroup;
			exceptions = (
				7A5A00032F600001000001AA /* Exceptions for "VixiiLiveActivitiesExtension" folder in "VixiiLiveActivitiesExtension" target */,
			);
			path = VixiiLiveActivitiesExtension;
			sourceTree = "<group>";
		};
		7A5A00052F600001000001AA /* VixiiLiveActivitiesShared */ = {
			isa = PBXFileSystemSynchronizedRootGroup;
			path = VixiiLiveActivitiesShared;
			sourceTree = "<group>";
		};
/* End PBXFileSystemSynchronizedRootGroup section */

/* Begin PBXFrameworksBuildPhase section */
		18CA000E2F58346F004704D4 /* Frameworks */ = {
			isa = PBXFrameworksBuildPhase;
			buildActionMask = 2147483647;
			files = (
			);
			runOnlyForDeploymentPostprocessing = 0;
		};
		18CA001B2F583471004704D4 /* Frameworks */ = {
			isa = PBXFrameworksBuildPhase;
			buildActionMask = 2147483647;
			files = (
			);
			runOnlyForDeploymentPostprocessing = 0;
		};
		18CA00252F583471004704D4 /* Frameworks */ = {
			isa = PBXFrameworksBuildPhase;
			buildActionMask = 2147483647;
			files = (
			);
			runOnlyForDeploymentPostprocessing = 0;
		};
		7A5A000F2F600001000001AA /* Frameworks */ = {
			isa = PBXFrameworksBuildPhase;
			buildActionMask = 2147483647;
			files = (
			);
			runOnlyForDeploymentPostprocessing = 0;
		};
/* End PBXFrameworksBuildPhase section */

/* Begin PBXGroup section */
		18CA00082F58346F004704D4 = {
			isa = PBXGroup;
			children = (
				18CA00132F58346F004704D4 /* Vixii */,
				7A5A00052F600001000001AA /* VixiiLiveActivitiesShared */,
				7A5A00042F600001000001AA /* VixiiLiveActivitiesExtension */,
				18CA00212F583471004704D4 /* VixiiTests */,
				18CA002B2F583471004704D4 /* VixiiUITests */,
				18CA00122F58346F004704D4 /* Products */,
			);
			sourceTree = "<group>";
		};
		18CA00122F58346F004704D4 /* Products */ = {
			isa = PBXGroup;
			children = (
				18CA00112F58346F004704D4 /* Vixii.app */,
				7A5A00022F600001000001AA /* VixiiLiveActivitiesExtension.appex */,
				18CA001E2F583471004704D4 /* VixiiTests.xctest */,
				18CA00282F583471004704D4 /* VixiiUITests.xctest */,
			);
			name = Products;
			sourceTree = "<group>";
		};
/* End PBXGroup section */

/* Begin PBXNativeTarget section */
		18CA00102F58346F004704D4 /* Vixii */ = {
			isa = PBXNativeTarget;
			buildConfigurationList = 18CA00322F583471004704D4 /* Build configuration list for PBXNativeTarget "Vixii" */;
			buildPhases = (
				18CA000D2F58346F004704D4 /* Sources */,
				18CA000E2F58346F004704D4 /* Frameworks */,
				18CA000F2F58346F004704D4 /* Resources */,
				7A5A000C2F600001000001AA /* Embed App Extensions */,
			);
			buildRules = (
			);
			dependencies = (
				7A5A00082F600001000001AA /* PBXTargetDependency */,
			);
			fileSystemSynchronizedGroups = (
				18CA00132F58346F004704D4 /* Vixii */,
				7A5A00052F600001000001AA /* VixiiLiveActivitiesShared */,
			);
			name = Vixii;
			packageProductDependencies = (
			);
			productName = Vixii;
			productReference = 18CA00112F58346F004704D4 /* Vixii.app */;
			productType = "com.apple.product-type.application";
		};
		18CA001D2F583471004704D4 /* VixiiTests */ = {
			isa = PBXNativeTarget;
			buildConfigurationList = 18CA00352F583471004704D4 /* Build configuration list for PBXNativeTarget "VixiiTests" */;
			buildPhases = (
				18CA001A2F583471004704D4 /* Sources */,
				18CA001B2F583471004704D4 /* Frameworks */,
				18CA001C2F583471004704D4 /* Resources */,
			);
			buildRules = (
			);
			dependencies = (
				18CA00202F583471004704D4 /* PBXTargetDependency */,
			);
			fileSystemSynchronizedGroups = (
				18CA00212F583471004704D4 /* VixiiTests */,
			);
			name = VixiiTests;
			packageProductDependencies = (
			);
			productName = VixiiTests;
			productReference = 18CA001E2F583471004704D4 /* VixiiTests.xctest */;
			productType = "com.apple.product-type.bundle.unit-test";
		};
		18CA00272F583471004704D4 /* VixiiUITests */ = {
			isa = PBXNativeTarget;
			buildConfigurationList = 18CA00382F583471004704D4 /* Build configuration list for PBXNativeTarget "VixiiUITests" */;
			buildPhases = (
				18CA00242F583471004704D4 /* Sources */,
				18CA00252F583471004704D4 /* Frameworks */,
				18CA00262F583471004704D4 /* Resources */,
			);
			buildRules = (
			);
			dependencies = (
				18CA002A2F583471004704D4 /* PBXTargetDependency */,
			);
			fileSystemSynchronizedGroups = (
				18CA002B2F583471004704D4 /* VixiiUITests */,
			);
			name = VixiiUITests;
			packageProductDependencies = (
			);
			productName = VixiiUITests;
			productReference = 18CA00282F583471004704D4 /* VixiiUITests.xctest */;
			productType = "com.apple.product-type.bundle.ui-testing";
		};
		7A5A00062F600001000001AA /* VixiiLiveActivitiesExtension */ = {
			isa = PBXNativeTarget;
			buildConfigurationList = 7A5A000B2F600001000001AA /* Build configuration list for PBXNativeTarget "VixiiLiveActivitiesExtension" */;
			buildPhases = (
				7A5A000E2F600001000001AA /* Sources */,
				7A5A000F2F600001000001AA /* Frameworks */,
				7A5A00102F600001000001AA /* Resources */,
			);
			buildRules = (
			);
			dependencies = (
			);
			fileSystemSynchronizedGroups = (
				7A5A00042F600001000001AA /* VixiiLiveActivitiesExtension */,
				7A5A00052F600001000001AA /* VixiiLiveActivitiesShared */,
			);
			name = VixiiLiveActivitiesExtension;
			packageProductDependencies = (
			);
			productName = VixiiLiveActivitiesExtension;
			productReference = 7A5A00022F600001000001AA /* VixiiLiveActivitiesExtension.appex */;
			productType = "com.apple.product-type.app-extension";
		};
/* End PBXNativeTarget section */

/* Begin PBXProject section */
		18CA00092F58346F004704D4 /* Project object */ = {
			isa = PBXProject;
			attributes = {
				BuildIndependentTargetsInParallel = 1;
				LastSwiftUpdateCheck = 2610;
				LastUpgradeCheck = 2610;
				TargetAttributes = {
					18CA00102F58346F004704D4 = {
						CreatedOnToolsVersion = 26.1;
						SystemCapabilities = {
							com.apple.ApplicationGroups.iOS = {
								enabled = 1;
							};
							com.apple.Push = {
								enabled = 1;
							};
						};
					};
					18CA001D2F583471004704D4 = {
						CreatedOnToolsVersion = 26.1;
						TestTargetID = 18CA00102F58346F004704D4;
					};
					18CA00272F583471004704D4 = {
						CreatedOnToolsVersion = 26.1;
						TestTargetID = 18CA00102F58346F004704D4;
					};
					7A5A00062F600001000001AA = {
						CreatedOnToolsVersion = 26.1;
						SystemCapabilities = {
							com.apple.ApplicationGroups.iOS = {
								enabled = 1;
							};
						};
					};
				};
			};
			buildConfigurationList = 18CA000C2F58346F004704D4 /* Build configuration list for PBXProject "Vixii" */;
			developmentRegion = en;
			hasScannedForEncodings = 0;
			knownRegions = (
				en,
				Base,
			);
			mainGroup = 18CA00082F58346F004704D4;
			minimizedProjectReferenceProxies = 1;
			preferredProjectObjectVersion = 77;
			productRefGroup = 18CA00122F58346F004704D4 /* Products */;
			projectDirPath = "";
			projectRoot = "";
			targets = (
				18CA00102F58346F004704D4 /* Vixii */,
				7A5A00062F600001000001AA /* VixiiLiveActivitiesExtension */,
				18CA001D2F583471004704D4 /* VixiiTests */,
				18CA00272F583471004704D4 /* VixiiUITests */,
			);
		};
/* End PBXProject section */

/* Begin PBXResourcesBuildPhase section */
		18CA000F2F58346F004704D4 /* Resources */ = {
			isa = PBXResourcesBuildPhase;
			buildActionMask = 2147483647;
			files = (
			);
			runOnlyForDeploymentPostprocessing = 0;
		};
		18CA001C2F583471004704D4 /* Resources */ = {
			isa = PBXResourcesBuildPhase;
			buildActionMask = 2147483647;
			files = (
			);
			runOnlyForDeploymentPostprocessing = 0;
		};
		18CA00262F583471004704D4 /* Resources */ = {
			isa = PBXResourcesBuildPhase;
			buildActionMask = 2147483647;
			files = (
			);
			runOnlyForDeploymentPostprocessing = 0;
		};
		7A5A00102F600001000001AA /* Resources */ = {
			isa = PBXResourcesBuildPhase;
			buildActionMask = 2147483647;
			files = (
			);
			runOnlyForDeploymentPostprocessing = 0;
		};
/* End PBXResourcesBuildPhase section */

/* Begin PBXSourcesBuildPhase section */
		18CA000D2F58346F004704D4 /* Sources */ = {
			isa = PBXSourcesBuildPhase;
			buildActionMask = 2147483647;
			files = (
			);
			runOnlyForDeploymentPostprocessing = 0;
		};
		18CA001A2F583471004704D4 /* Sources */ = {
			isa = PBXSourcesBuildPhase;
			buildActionMask = 2147483647;
			files = (
			);
			runOnlyForDeploymentPostprocessing = 0;
		};
		18CA00242F583471004704D4 /* Sources */ = {
			isa = PBXSourcesBuildPhase;
			buildActionMask = 2147483647;
			files = (
			);
			runOnlyForDeploymentPostprocessing = 0;
		};
		7A5A000E2F600001000001AA /* Sources */ = {
			isa = PBXSourcesBuildPhase;
			buildActionMask = 2147483647;
			files = (
			);
			runOnlyForDeploymentPostprocessing = 0;
		};
/* End PBXSourcesBuildPhase section */

/* Begin PBXTargetDependency section */
		18CA00202F583471004704D4 /* PBXTargetDependency */ = {
			isa = PBXTargetDependency;
			target = 18CA00102F58346F004704D4 /* Vixii */;
			targetProxy = 18CA001F2F583471004704D4 /* PBXContainerItemProxy */;
		};
		18CA002A2F583471004704D4 /* PBXTargetDependency */ = {
			isa = PBXTargetDependency;
			target = 18CA00102F58346F004704D4 /* Vixii */;
			targetProxy = 18CA00292F583471004704D4 /* PBXContainerItemProxy */;
		};
		7A5A00082F600001000001AA /* PBXTargetDependency */ = {
			isa = PBXTargetDependency;
			target = 7A5A00062F600001000001AA /* VixiiLiveActivitiesExtension */;
			targetProxy = 7A5A00072F600001000001AA /* PBXContainerItemProxy */;
		};
/* End PBXTargetDependency section */

/* Begin XCBuildConfiguration section */
		18CA00302F583471004704D4 /* Debug */ = {
			isa = XCBuildConfiguration;
			buildSettings = {
				ALWAYS_SEARCH_USER_PATHS = NO;
				ASSETCATALOG_COMPILER_GENERATE_SWIFT_ASSET_SYMBOL_EXTENSIONS = YES;
				CLANG_ANALYZER_NONNULL = YES;
				CLANG_ANALYZER_NUMBER_OBJECT_CONVERSION = YES_AGGRESSIVE;
				CLANG_CXX_LANGUAGE_STANDARD = "gnu++20";
				CLANG_ENABLE_MODULES = YES;
				CLANG_ENABLE_OBJC_ARC = YES;
				CLANG_ENABLE_OBJC_WEAK = YES;
				CLANG_WARN_BLOCK_CAPTURE_AUTORELEASING = YES;
				CLANG_WARN_BOOL_CONVERSION = YES;
				CLANG_WARN_COMMA = YES;
				CLANG_WARN_CONSTANT_CONVERSION = YES;
				CLANG_WARN_DEPRECATED_OBJC_IMPLEMENTATIONS = YES;
				CLANG_WARN_DIRECT_OBJC_ISA_USAGE = YES_ERROR;
				CLANG_WARN_DOCUMENTATION_COMMENTS = YES;
				CLANG_WARN_EMPTY_BODY = YES;
				CLANG_WARN_ENUM_CONVERSION = YES;
				CLANG_WARN_INFINITE_RECURSION = YES;
				CLANG_WARN_INT_CONVERSION = YES;
				CLANG_WARN_NON_LITERAL_NULL_CONVERSION = YES;
				CLANG_WARN_OBJC_IMPLICIT_RETAIN_SELF = YES;
				CLANG_WARN_OBJC_LITERAL_CONVERSION = YES;
				CLANG_WARN_OBJC_ROOT_CLASS = YES_ERROR;
				CLANG_WARN_QUOTED_INCLUDE_IN_FRAMEWORK_HEADER = YES;
				CLANG_WARN_RANGE_LOOP_ANALYSIS = YES;
				CLANG_WARN_STRICT_PROTOTYPES = YES;
				CLANG_WARN_SUSPICIOUS_MOVE = YES;
				CLANG_WARN_UNGUARDED_AVAILABILITY = YES_AGGRESSIVE;
				CLANG_WARN_UNREACHABLE_CODE = YES;
				CLANG_WARN__DUPLICATE_METHOD_MATCH = YES;
				COPY_PHASE_STRIP = NO;
				DEBUG_INFORMATION_FORMAT = dwarf;
				DEVELOPMENT_TEAM = APX26VC984;
				ENABLE_STRICT_OBJC_MSGSEND = YES;
				ENABLE_TESTABILITY = YES;
				ENABLE_USER_SCRIPT_SANDBOXING = YES;
				GCC_C_LANGUAGE_STANDARD = gnu17;
				GCC_DYNAMIC_NO_PIC = NO;
				GCC_NO_COMMON_BLOCKS = YES;
				GCC_OPTIMIZATION_LEVEL = 0;
				GCC_PREPROCESSOR_DEFINITIONS = (
					"DEBUG=1",
					"$(inherited)",
				);
				GCC_WARN_64_TO_32_BIT_CONVERSION = YES;
				GCC_WARN_ABOUT_RETURN_TYPE = YES_ERROR;
				GCC_WARN_UNDECLARED_SELECTOR = YES;
				GCC_WARN_UNINITIALIZED_AUTOS = YES_AGGRESSIVE;
				GCC_WARN_UNUSED_FUNCTION = YES;
				GCC_WARN_UNUSED_VARIABLE = YES;
				IPHONEOS_DEPLOYMENT_TARGET = 26.1;
				LOCALIZATION_PREFERS_STRING_CATALOGS = YES;
				MTL_ENABLE_DEBUG_INFO = INCLUDE_SOURCE;
				MTL_FAST_MATH = YES;
				ONLY_ACTIVE_ARCH = YES;
				SDKROOT = iphoneos;
				SWIFT_ACTIVE_COMPILATION_CONDITIONS = "DEBUG $(inherited)";
				SWIFT_OPTIMIZATION_LEVEL = "-Onone";
			};
			name = Debug;
		};
		18CA00312F583471004704D4 /* Release */ = {
			isa = XCBuildConfiguration;
			buildSettings = {
				ALWAYS_SEARCH_USER_PATHS = NO;
				ASSETCATALOG_COMPILER_GENERATE_SWIFT_ASSET_SYMBOL_EXTENSIONS = YES;
				CLANG_ANALYZER_NONNULL = YES;
				CLANG_ANALYZER_NUMBER_OBJECT_CONVERSION = YES_AGGRESSIVE;
				CLANG_CXX_LANGUAGE_STANDARD = "gnu++20";
				CLANG_ENABLE_MODULES = YES;
				CLANG_ENABLE_OBJC_ARC = YES;
				CLANG_ENABLE_OBJC_WEAK = YES;
				CLANG_WARN_BLOCK_CAPTURE_AUTORELEASING = YES;
				CLANG_WARN_BOOL_CONVERSION = YES;
				CLANG_WARN_COMMA = YES;
				CLANG_WARN_CONSTANT_CONVERSION = YES;
				CLANG_WARN_DEPRECATED_OBJC_IMPLEMENTATIONS = YES;
				CLANG_WARN_DIRECT_OBJC_ISA_USAGE = YES_ERROR;
				CLANG_WARN_DOCUMENTATION_COMMENTS = YES;
				CLANG_WARN_EMPTY_BODY = YES;
				CLANG_WARN_ENUM_CONVERSION = YES;
				CLANG_WARN_INFINITE_RECURSION = YES;
				CLANG_WARN_INT_CONVERSION = YES;
				CLANG_WARN_NON_LITERAL_NULL_CONVERSION = YES;
				CLANG_WARN_OBJC_IMPLICIT_RETAIN_SELF = YES;
				CLANG_WARN_OBJC_LITERAL_CONVERSION = YES;
				CLANG_WARN_OBJC_ROOT_CLASS = YES_ERROR;
				CLANG_WARN_QUOTED_INCLUDE_IN_FRAMEWORK_HEADER = YES;
				CLANG_WARN_RANGE_LOOP_ANALYSIS = YES;
				CLANG_WARN_STRICT_PROTOTYPES = YES;
				CLANG_WARN_SUSPICIOUS_MOVE = YES;
				CLANG_WARN_UNGUARDED_AVAILABILITY = YES_AGGRESSIVE;
				CLANG_WARN_UNREACHABLE_CODE = YES;
				CLANG_WARN__DUPLICATE_METHOD_MATCH = YES;
				COPY_PHASE_STRIP = NO;
				DEBUG_INFORMATION_FORMAT = "dwarf-with-dsym";
				DEVELOPMENT_TEAM = APX26VC984;
				ENABLE_NS_ASSERTIONS = NO;
				ENABLE_STRICT_OBJC_MSGSEND = YES;
				ENABLE_USER_SCRIPT_SANDBOXING = YES;
				GCC_C_LANGUAGE_STANDARD = gnu17;
				GCC_NO_COMMON_BLOCKS = YES;
				GCC_WARN_64_TO_32_BIT_CONVERSION = YES;
				GCC_WARN_ABOUT_RETURN_TYPE = YES_ERROR;
				GCC_WARN_UNDECLARED_SELECTOR = YES;
				GCC_WARN_UNINITIALIZED_AUTOS = YES_AGGRESSIVE;
				GCC_WARN_UNUSED_FUNCTION = YES;
				GCC_WARN_UNUSED_VARIABLE = YES;
				IPHONEOS_DEPLOYMENT_TARGET = 26.1;
				LOCALIZATION_PREFERS_STRING_CATALOGS = YES;
				MTL_ENABLE_DEBUG_INFO = NO;
				MTL_FAST_MATH = YES;
				SDKROOT = iphoneos;
				SWIFT_COMPILATION_MODE = wholemodule;
				VALIDATE_PRODUCT = YES;
			};
			name = Release;
		};
		18CA00332F583471004704D4 /* Debug */ = {
			isa = XCBuildConfiguration;
			buildSettings = {
				ASSETCATALOG_COMPILER_APPICON_NAME = AppIcon;
				ASSETCATALOG_COMPILER_GLOBAL_ACCENT_COLOR_NAME = AccentColor;
				CODE_SIGN_ENTITLEMENTS = Vixii/Vixii.entitlements;
				CODE_SIGN_STYLE = Automatic;
				CURRENT_PROJECT_VERSION = 1;
				DEVELOPMENT_TEAM = APX26VC984;
				ENABLE_PREVIEWS = YES;
				GENERATE_INFOPLIST_FILE = YES;
				INFOPLIST_KEY_CFBundleDisplayName = Voxii;
				INFOPLIST_KEY_CFBundleURLTypes_0_CFBundleURLName = Illumionix.Vixii;
				INFOPLIST_KEY_CFBundleURLTypes_0_CFBundleURLSchemes_0 = voxii;
				INFOPLIST_KEY_NSAppTransportSecurity_NSAllowsArbitraryLoads = NO;
				INFOPLIST_KEY_NSAppTransportSecurity_NSAllowsLocalNetworking = YES;
				INFOPLIST_KEY_NSCameraUsageDescription = "Voxii uses the camera for video calls.";
				INFOPLIST_KEY_NSLocalNetworkUsageDescription = "Voxii uses local network access to connect to your self-hosted server.";
				INFOPLIST_KEY_NSMicrophoneUsageDescription = "Voxii uses the microphone for calls and voice messages.";
				INFOPLIST_KEY_NSPhotoLibraryAddUsageDescription = "Voxii can save received media to your photo library.";
				INFOPLIST_KEY_NSPhotoLibraryUsageDescription = "Voxii allows choosing photos and videos for attachments.";
				INFOPLIST_KEY_NSSupportsLiveActivities = YES;
				INFOPLIST_KEY_NSSupportsLiveActivitiesFrequentUpdates = YES;
				INFOPLIST_KEY_UIApplicationSceneManifest_Generation = YES;
				INFOPLIST_KEY_UIApplicationSupportsIndirectInputEvents = YES;
				INFOPLIST_KEY_UIBackgroundModes = "audio remote-notification voip";
				INFOPLIST_KEY_UILaunchScreen_Generation = YES;
				INFOPLIST_KEY_UISupportedInterfaceOrientations_iPad = "UIInterfaceOrientationPortrait UIInterfaceOrientationPortraitUpsideDown UIInterfaceOrientationLandscapeLeft UIInterfaceOrientationLandscapeRight";
				INFOPLIST_KEY_UISupportedInterfaceOrientations_iPhone = "UIInterfaceOrientationPortrait UIInterfaceOrientationLandscapeLeft UIInterfaceOrientationLandscapeRight";
				LD_RUNPATH_SEARCH_PATHS = (
					"$(inherited)",
					"@executable_path/Frameworks",
				);
				MARKETING_VERSION = 1.0;
				PRODUCT_BUNDLE_IDENTIFIER = Illumionix.Vixii;
				PRODUCT_NAME = "$(TARGET_NAME)";
				STRING_CATALOG_GENERATE_SYMBOLS = YES;
				SWIFT_APPROACHABLE_CONCURRENCY = YES;
				SWIFT_DEFAULT_ACTOR_ISOLATION = MainActor;
				SWIFT_EMIT_LOC_STRINGS = YES;
				SWIFT_UPCOMING_FEATURE_MEMBER_IMPORT_VISIBILITY = YES;
				SWIFT_VERSION = 5.0;
				TARGETED_DEVICE_FAMILY = "1,2";
			};
			name = Debug;
		};
		18CA00342F583471004704D4 /* Release */ = {
			isa = XCBuildConfiguration;
			buildSettings = {
				ASSETCATALOG_COMPILER_APPICON_NAME = AppIcon;
				ASSETCATALOG_COMPILER_GLOBAL_ACCENT_COLOR_NAME = AccentColor;
				CODE_SIGN_ENTITLEMENTS = Vixii/Vixii.entitlements;
				CODE_SIGN_STYLE = Automatic;
				CURRENT_PROJECT_VERSION = 1;
				DEVELOPMENT_TEAM = APX26VC984;
				ENABLE_PREVIEWS = YES;
				GENERATE_INFOPLIST_FILE = YES;
				INFOPLIST_KEY_CFBundleDisplayName = Voxii;
				INFOPLIST_KEY_CFBundleURLTypes_0_CFBundleURLName = Illumionix.Vixii;
				INFOPLIST_KEY_CFBundleURLTypes_0_CFBundleURLSchemes_0 = voxii;
				INFOPLIST_KEY_NSAppTransportSecurity_NSAllowsArbitraryLoads = NO;
				INFOPLIST_KEY_NSAppTransportSecurity_NSAllowsLocalNetworking = YES;
				INFOPLIST_KEY_NSCameraUsageDescription = "Voxii uses the camera for video calls.";
				INFOPLIST_KEY_NSLocalNetworkUsageDescription = "Voxii uses local network access to connect to your self-hosted server.";
				INFOPLIST_KEY_NSMicrophoneUsageDescription = "Voxii uses the microphone for calls and voice messages.";
				INFOPLIST_KEY_NSPhotoLibraryAddUsageDescription = "Voxii can save received media to your photo library.";
				INFOPLIST_KEY_NSPhotoLibraryUsageDescription = "Voxii allows choosing photos and videos for attachments.";
				INFOPLIST_KEY_NSSupportsLiveActivities = YES;
				INFOPLIST_KEY_NSSupportsLiveActivitiesFrequentUpdates = YES;
				INFOPLIST_KEY_UIApplicationSceneManifest_Generation = YES;
				INFOPLIST_KEY_UIApplicationSupportsIndirectInputEvents = YES;
				INFOPLIST_KEY_UIBackgroundModes = "audio remote-notification voip";
				INFOPLIST_KEY_UILaunchScreen_Generation = YES;
				INFOPLIST_KEY_UISupportedInterfaceOrientations_iPad = "UIInterfaceOrientationPortrait UIInterfaceOrientationPortraitUpsideDown UIInterfaceOrientationLandscapeLeft UIInterfaceOrientationLandscapeRight";
				INFOPLIST_KEY_UISupportedInterfaceOrientations_iPhone = "UIInterfaceOrientationPortrait UIInterfaceOrientationLandscapeLeft UIInterfaceOrientationLandscapeRight";
				LD_RUNPATH_SEARCH_PATHS = (
					"$(inherited)",
					"@executable_path/Frameworks",
				);
				MARKETING_VERSION = 1.0;
				PRODUCT_BUNDLE_IDENTIFIER = Illumionix.Vixii;
				PRODUCT_NAME = "$(TARGET_NAME)";
				STRING_CATALOG_GENERATE_SYMBOLS = YES;
				SWIFT_APPROACHABLE_CONCURRENCY = YES;
				SWIFT_DEFAULT_ACTOR_ISOLATION = MainActor;
				SWIFT_EMIT_LOC_STRINGS = YES;
				SWIFT_UPCOMING_FEATURE_MEMBER_IMPORT_VISIBILITY = YES;
				SWIFT_VERSION = 5.0;
				TARGETED_DEVICE_FAMILY = "1,2";
			};
			name = Release;
		};
		18CA00362F583471004704D4 /* Debug */ = {
			isa = XCBuildConfiguration;
			buildSettings = {
				BUNDLE_LOADER = "$(TEST_HOST)";
				CODE_SIGN_STYLE = Automatic;
				CURRENT_PROJECT_VERSION = 1;
				DEVELOPMENT_TEAM = APX26VC984;
				GENERATE_INFOPLIST_FILE = YES;
				IPHONEOS_DEPLOYMENT_TARGET = 26.1;
				MARKETING_VERSION = 1.0;
				PRODUCT_BUNDLE_IDENTIFIER = Illumionix.VixiiTests;
				PRODUCT_NAME = "$(TARGET_NAME)";
				STRING_CATALOG_GENERATE_SYMBOLS = NO;
				SWIFT_APPROACHABLE_CONCURRENCY = YES;
				SWIFT_EMIT_LOC_STRINGS = NO;
				SWIFT_UPCOMING_FEATURE_MEMBER_IMPORT_VISIBILITY = YES;
				SWIFT_VERSION = 5.0;
				TARGETED_DEVICE_FAMILY = "1,2";
				TEST_HOST = "$(BUILT_PRODUCTS_DIR)/Vixii.app/$(BUNDLE_EXECUTABLE_FOLDER_PATH)/Vixii";
			};
			name = Debug;
		};
		18CA00372F583471004704D4 /* Release */ = {
			isa = XCBuildConfiguration;
			buildSettings = {
				BUNDLE_LOADER = "$(TEST_HOST)";
				CODE_SIGN_STYLE = Automatic;
				CURRENT_PROJECT_VERSION = 1;
				DEVELOPMENT_TEAM = APX26VC984;
				GENERATE_INFOPLIST_FILE = YES;
				IPHONEOS_DEPLOYMENT_TARGET = 26.1;
				MARKETING_VERSION = 1.0;
				PRODUCT_BUNDLE_IDENTIFIER = Illumionix.VixiiTests;
				PRODUCT_NAME = "$(TARGET_NAME)";
				STRING_CATALOG_GENERATE_SYMBOLS = NO;
				SWIFT_APPROACHABLE_CONCURRENCY = YES;
				SWIFT_EMIT_LOC_STRINGS = NO;
				SWIFT_UPCOMING_FEATURE_MEMBER_IMPORT_VISIBILITY = YES;
				SWIFT_VERSION = 5.0;
				TARGETED_DEVICE_FAMILY = "1,2";
				TEST_HOST = "$(BUILT_PRODUCTS_DIR)/Vixii.app/$(BUNDLE_EXECUTABLE_FOLDER_PATH)/Vixii";
			};
			name = Release;
		};
		18CA00392F583471004704D4 /* Debug */ = {
			isa = XCBuildConfiguration;
			buildSettings = {
				CODE_SIGN_STYLE = Automatic;
				CURRENT_PROJECT_VERSION = 1;
				DEVELOPMENT_TEAM = APX26VC984;
				GENERATE_INFOPLIST_FILE = YES;
				MARKETING_VERSION = 1.0;
				PRODUCT_BUNDLE_IDENTIFIER = Illumionix.VixiiUITests;
				PRODUCT_NAME = "$(TARGET_NAME)";
				STRING_CATALOG_GENERATE_SYMBOLS = NO;
				SWIFT_APPROACHABLE_CONCURRENCY = YES;
				SWIFT_EMIT_LOC_STRINGS = NO;
				SWIFT_UPCOMING_FEATURE_MEMBER_IMPORT_VISIBILITY = YES;
				SWIFT_VERSION = 5.0;
				TARGETED_DEVICE_FAMILY = "1,2";
				TEST_TARGET_NAME = Vixii;
			};
			name = Debug;
		};
		18CA003A2F583471004704D4 /* Release */ = {
			isa = XCBuildConfiguration;
			buildSettings = {
				CODE_SIGN_STYLE = Automatic;
				CURRENT_PROJECT_VERSION = 1;
				DEVELOPMENT_TEAM = APX26VC984;
				GENERATE_INFOPLIST_FILE = YES;
				MARKETING_VERSION = 1.0;
				PRODUCT_BUNDLE_IDENTIFIER = Illumionix.VixiiUITests;
				PRODUCT_NAME = "$(TARGET_NAME)";
				STRING_CATALOG_GENERATE_SYMBOLS = NO;
				SWIFT_APPROACHABLE_CONCURRENCY = YES;
				SWIFT_EMIT_LOC_STRINGS = NO;
				SWIFT_UPCOMING_FEATURE_MEMBER_IMPORT_VISIBILITY = YES;
				SWIFT_VERSION = 5.0;
				TARGETED_DEVICE_FAMILY = "1,2";
				TEST_TARGET_NAME = Vixii;
			};
			name = Release;
		};
		7A5A00092F600001000001AA /* Debug */ = {
			isa = XCBuildConfiguration;
			buildSettings = {
				APPLICATION_EXTENSION_API_ONLY = YES;
				CODE_SIGN_ENTITLEMENTS = VixiiLiveActivitiesExtension/VixiiLiveActivitiesExtension.entitlements;
				CODE_SIGN_STYLE = Automatic;
				CURRENT_PROJECT_VERSION = 1;
				DEVELOPMENT_TEAM = APX26VC984;
				GENERATE_INFOPLIST_FILE = YES;
				INFOPLIST_FILE = VixiiLiveActivitiesExtension/Info.plist;
				IPHONEOS_DEPLOYMENT_TARGET = 26.1;
				LD_RUNPATH_SEARCH_PATHS = (
					"$(inherited)",
					"@executable_path/Frameworks",
					"@executable_path/../../Frameworks",
				);
				MARKETING_VERSION = 1.0;
				PRODUCT_BUNDLE_IDENTIFIER = Illumionix.Vixii.VixiiLiveActivitiesExtension;
				PRODUCT_NAME = "$(TARGET_NAME)";
				SKIP_INSTALL = YES;
				STRING_CATALOG_GENERATE_SYMBOLS = NO;
				SWIFT_APPROACHABLE_CONCURRENCY = YES;
				SWIFT_EMIT_LOC_STRINGS = NO;
				SWIFT_UPCOMING_FEATURE_MEMBER_IMPORT_VISIBILITY = YES;
				SWIFT_VERSION = 5.0;
				TARGETED_DEVICE_FAMILY = "1,2";
			};
			name = Debug;
		};
		7A5A000A2F600001000001AA /* Release */ = {
			isa = XCBuildConfiguration;
			buildSettings = {
				APPLICATION_EXTENSION_API_ONLY = YES;
				CODE_SIGN_ENTITLEMENTS = VixiiLiveActivitiesExtension/VixiiLiveActivitiesExtension.entitlements;
				CODE_SIGN_STYLE = Automatic;
				CURRENT_PROJECT_VERSION = 1;
				DEVELOPMENT_TEAM = APX26VC984;
				GENERATE_INFOPLIST_FILE = YES;
				INFOPLIST_FILE = VixiiLiveActivitiesExtension/Info.plist;
				IPHONEOS_DEPLOYMENT_TARGET = 26.1;
				LD_RUNPATH_SEARCH_PATHS = (
					"$(inherited)",
					"@executable_path/Frameworks",
					"@executable_path/../../Frameworks",
				);
				MARKETING_VERSION = 1.0;
				PRODUCT_BUNDLE_IDENTIFIER = Illumionix.Vixii.VixiiLiveActivitiesExtension;
				PRODUCT_NAME = "$(TARGET_NAME)";
				SKIP_INSTALL = YES;
				STRING_CATALOG_GENERATE_SYMBOLS = NO;
				SWIFT_APPROACHABLE_CONCURRENCY = YES;
				SWIFT_EMIT_LOC_STRINGS = NO;
				SWIFT_UPCOMING_FEATURE_MEMBER_IMPORT_VISIBILITY = YES;
				SWIFT_VERSION = 5.0;
				TARGETED_DEVICE_FAMILY = "1,2";
			};
			name = Release;
		};
/* End XCBuildConfiguration section */

/* Begin XCConfigurationList section */
		18CA000C2F58346F004704D4 /* Build configuration list for PBXProject "Vixii" */ = {
			isa = XCConfigurationList;
			buildConfigurations = (
				18CA00302F583471004704D4 /* Debug */,
				18CA00312F583471004704D4 /* Release */,
			);
			defaultConfigurationIsVisible = 0;
			defaultConfigurationName = Release;
		};
		18CA00322F583471004704D4 /* Build configuration list for PBXNativeTarget "Vixii" */ = {
			isa = XCConfigurationList;
			buildConfigurations = (
				18CA00332F583471004704D4 /* Debug */,
				18CA00342F583471004704D4 /* Release */,
			);
			defaultConfigurationIsVisible = 0;
			defaultConfigurationName = Release;
		};
		18CA00352F583471004704D4 /* Build configuration list for PBXNativeTarget "VixiiTests" */ = {
			isa = XCConfigurationList;
			buildConfigurations = (
				18CA00362F583471004704D4 /* Debug */,
				18CA00372F583471004704D4 /* Release */,
			);
			defaultConfigurationIsVisible = 0;
			defaultConfigurationName = Release;
		};
		18CA00382F583471004704D4 /* Build configuration list for PBXNativeTarget "VixiiUITests" */ = {
			isa = XCConfigurationList;
			buildConfigurations = (
				18CA00392F583471004704D4 /* Debug */,
				18CA003A2F583471004704D4 /* Release */,
			);
			defaultConfigurationIsVisible = 0;
			defaultConfigurationName = Release;
		};
		7A5A000B2F600001000001AA /* Build configuration list for PBXNativeTarget "VixiiLiveActivitiesExtension" */ = {
			isa = XCConfigurationList;
			buildConfigurations = (
				7A5A00092F600001000001AA /* Debug */,
				7A5A000A2F600001000001AA /* Release */,
			);
			defaultConfigurationIsVisible = 0;
			defaultConfigurationName = Release;
		};
/* End XCConfigurationList section */
	};
	rootObject = 18CA00092F58346F004704D4 /* Project object */;
}
